{
  "lockfileVersion": 1,
  "configVersion": 0,
  "workspaces": {
    "": {
      "name": "harness",
      "dependencies": {
        "@linear/sdk": "^75.0.0",
        "@napi-rs/canvas": "^0.1.92",
        "@oclif/core": "^4.8.0",
        "gifenc": "^1.0.3",
        "zustand": "^5.0.11",
      },
      "devDependencies": {
        "@ai-sdk/anthropic": "^3.0.45",
        "@types/node": "^22.17.0",
        "ai": "^6.0.91",
        "fast-check": "^4.5.3",
        "oxfmt": "^0.33.0",
        "oxlint": "^1.48.0",
        "typescript": "^5.9.2",
        "zod": "^4.3.6",
      },
    },
  },
  "packages": {
    "@ai-sdk/anthropic": ["@ai-sdk/anthropic@3.0.45", "", { "dependencies": { "@ai-sdk/provider": "3.0.8", "@ai-sdk/provider-utils": "4.0.15" }, "peerDependencies": { "zod": "^3.25.76 || ^4.1.8" } }, "sha512-bpIS3RakSsaUhCRTIvL9bcVNeeUMDXWbndpYdXNeMJIIPcElTcvwktvla+JxIfbeK1AdQjB8ggYVChepeXPGwQ=="],

    "@ai-sdk/gateway": ["@ai-sdk/gateway@3.0.50", "", { "dependencies": { "@ai-sdk/provider": "3.0.8", "@ai-sdk/provider-utils": "4.0.15", "@vercel/oidc": "3.1.0" }, "peerDependencies": { "zod": "^3.25.76 || ^4.1.8" } }, "sha512-Jdd1a8VgbD7l7r+COj0h5SuaYRfPvOJ/AO6l0OrmTPEcI2MUQPr3C4JttfpNkcheEN+gOdy0CtZWuG17bW2fjw=="],

    "@ai-sdk/provider": ["@ai-sdk/provider@3.0.8", "", { "dependencies": { "json-schema": "^0.4.0" } }, "sha512-oGMAgGoQdBXbZqNG0Ze56CHjDZ1IDYOwGYxYjO5KLSlz5HiNQ9udIXsPZ61VWaHGZ5XW/jyjmr6t2xz2jGVwbQ=="],

    "@ai-sdk/provider-utils": ["@ai-sdk/provider-utils@4.0.15", "", { "dependencies": { "@ai-sdk/provider": "3.0.8", "@standard-schema/spec": "^1.1.0", "eventsource-parser": "^3.0.6" }, "peerDependencies": { "zod": "^3.25.76 || ^4.1.8" } }, "sha512-8XiKWbemmCbvNN0CLR9u3PQiet4gtEVIrX4zzLxnCj06AwsEDJwJVBbKrEI4t6qE8XRSIvU2irka0dcpziKW6w=="],

    "@graphql-typed-document-node/core": ["@graphql-typed-document-node/core@3.2.0", "", { "peerDependencies": { "graphql": "^0.8.0 || ^0.9.0 || ^0.10.0 || ^0.11.0 || ^0.12.0 || ^0.13.0 || ^14.0.0 || ^15.0.0 || ^16.0.0 || ^17.0.0" } }, "sha512-mB9oAsNCm9aM3/SOv4YtBMqZbYj10R7dkq8byBqxGY/ncFwhf2oQzMV+LCRlWoDSEBJ3COiR1yeDvMtsoOsuFQ=="],

    "@linear/sdk": ["@linear/sdk@75.0.0", "", { "dependencies": { "@graphql-typed-document-node/core": "^3.2.0" } }, "sha512-gf/xmbiWc4cLHjoeOGCNVTglpy+M+ENHpP3bvU57wxD17s7j8zJGXp4wOStnRcQYR0FT+n/76fPp+XR3ZtEjDw=="],

    "@napi-rs/canvas": ["@napi-rs/canvas@0.1.92", "", { "optionalDependencies": { "@napi-rs/canvas-android-arm64": "0.1.92", "@napi-rs/canvas-darwin-arm64": "0.1.92", "@napi-rs/canvas-darwin-x64": "0.1.92", "@napi-rs/canvas-linux-arm-gnueabihf": "0.1.92", "@napi-rs/canvas-linux-arm64-gnu": "0.1.92", "@napi-rs/canvas-linux-arm64-musl": "0.1.92", "@napi-rs/canvas-linux-riscv64-gnu": "0.1.92", "@napi-rs/canvas-linux-x64-gnu": "0.1.92", "@napi-rs/canvas-linux-x64-musl": "0.1.92", "@napi-rs/canvas-win32-arm64-msvc": "0.1.92", "@napi-rs/canvas-win32-x64-msvc": "0.1.92" } }, "sha512-q7ZaUCJkEU5BeOdE7fBx1XWRd2T5Ady65nxq4brMf5L4cE1VV/ACq5w9Z5b/IVJs8CwSSIwc30nlthH0gFo4Ig=="],

    "@napi-rs/canvas-android-arm64": ["@napi-rs/canvas-android-arm64@0.1.92", "", { "os": "android", "cpu": "arm64" }, "sha512-rDOtq53ujfOuevD5taxAuIFALuf1QsQWZe1yS/N4MtT+tNiDBEdjufvQRPWZ11FubL2uwgP8ApYU3YOaNu1ZsQ=="],

    "@napi-rs/canvas-darwin-arm64": ["@napi-rs/canvas-darwin-arm64@0.1.92", "", { "os": "darwin", "cpu": "arm64" }, "sha512-4PT6GRGCr7yMRehp42x0LJb1V0IEy1cDZDDayv7eKbFUIGbPFkV7CRC9Bee5MPkjg1EB4ZPXXUyy3gjQm7mR8Q=="],

    "@napi-rs/canvas-darwin-x64": ["@napi-rs/canvas-darwin-x64@0.1.92", "", { "os": "darwin", "cpu": "x64" }, "sha512-5e/3ZapP7CqPtDcZPtmowCsjoyQwuNMMD7c0GKPtZQ8pgQhLkeq/3fmk0HqNSD1i227FyJN/9pDrhw/UMTkaWA=="],

    "@napi-rs/canvas-linux-arm-gnueabihf": ["@napi-rs/canvas-linux-arm-gnueabihf@0.1.92", "", { "os": "linux", "cpu": "arm" }, "sha512-j6KaLL9iir68lwpzzY+aBGag1PZp3+gJE2mQ3ar4VJVmyLRVOh+1qsdNK1gfWoAVy5w6U7OEYFrLzN2vOFUSng=="],

    "@napi-rs/canvas-linux-arm64-gnu": ["@napi-rs/canvas-linux-arm64-gnu@0.1.92", "", { "os": "linux", "cpu": "arm64" }, "sha512-s3NlnJMHOSotUYVoTCoC1OcomaChFdKmZg0VsHFeIkeHbwX0uPHP4eCX1irjSfMykyvsGHTQDfBAtGYuqxCxhQ=="],

    "@napi-rs/canvas-linux-arm64-musl": ["@napi-rs/canvas-linux-arm64-musl@0.1.92", "", { "os": "linux", "cpu": "arm64" }, "sha512-xV0GQnukYq5qY+ebkAwHjnP2OrSGBxS3vSi1zQNQj0bkXU6Ou+Tw7JjCM7pZcQ28MUyEBS1yKfo7rc7ip2IPFQ=="],

    "@napi-rs/canvas-linux-riscv64-gnu": ["@napi-rs/canvas-linux-riscv64-gnu@0.1.92", "", { "os": "linux", "cpu": "none" }, "sha512-+GKvIFbQ74eB/TopEdH6XIXcvOGcuKvCITLGXy7WLJAyNp3Kdn1ncjxg91ihatBaPR+t63QOE99yHuIWn3UQ9w=="],

    "@napi-rs/canvas-linux-x64-gnu": ["@napi-rs/canvas-linux-x64-gnu@0.1.92", "", { "os": "linux", "cpu": "x64" }, "sha512-tFd6MwbEhZ1g64iVY2asV+dOJC+GT3Yd6UH4G3Hp0/VHQ6qikB+nvXEULskFYZ0+wFqlGPtXjG1Jmv7sJy+3Ww=="],

    "@napi-rs/canvas-linux-x64-musl": ["@napi-rs/canvas-linux-x64-musl@0.1.92", "", { "os": "linux", "cpu": "x64" }, "sha512-uSuqeSveB/ZGd72VfNbHCSXO9sArpZTvznMVsb42nqPP7gBGEH6NJQ0+hmF+w24unEmxBhPYakP/Wiosm16KkA=="],

    "@napi-rs/canvas-win32-arm64-msvc": ["@napi-rs/canvas-win32-arm64-msvc@0.1.92", "", { "os": "win32", "cpu": "arm64" }, "sha512-20SK5AU/OUNz9ZuoAPj5ekWai45EIBDh/XsdrVZ8le/pJVlhjFU3olbumSQUXRFn7lBRS+qwM8kA//uLaDx6iQ=="],

    "@napi-rs/canvas-win32-x64-msvc": ["@napi-rs/canvas-win32-x64-msvc@0.1.92", "", { "os": "win32", "cpu": "x64" }, "sha512-KEhyZLzq1MXCNlXybz4k25MJmHFp+uK1SIb8yJB0xfrQjz5aogAMhyseSzewo+XxAq3OAOdyKvfHGNzT3w1RPg=="],

    "@oclif/core": ["@oclif/core@4.8.0", "", { "dependencies": { "ansi-escapes": "^4.3.2", "ansis": "^3.17.0", "clean-stack": "^3.0.1", "cli-spinners": "^2.9.2", "debug": "^4.4.3", "ejs": "^3.1.10", "get-package-type": "^0.1.0", "indent-string": "^4.0.0", "is-wsl": "^2.2.0", "lilconfig": "^3.1.3", "minimatch": "^9.0.5", "semver": "^7.7.3", "string-width": "^4.2.3", "supports-color": "^8", "tinyglobby": "^0.2.14", "widest-line": "^3.1.0", "wordwrap": "^1.0.0", "wrap-ansi": "^7.0.0" } }, "sha512-jteNUQKgJHLHFbbz806aGZqf+RJJ7t4gwF4MYa8fCwCxQ8/klJNWc0MvaJiBebk7Mc+J39mdlsB4XraaCKznFw=="],

    "@opentelemetry/api": ["@opentelemetry/api@1.9.0", "", {}, "sha512-3giAOQvZiH5F9bMlMiv8+GSPMeqg0dbaeo58/0SlA9sxSqZhnUtxzX9/2FzyhS9sWQf5S0GJE0AKBrFqjpeYcg=="],

    "@oxfmt/binding-android-arm-eabi": ["@oxfmt/binding-android-arm-eabi@0.33.0", "", { "os": "android", "cpu": "arm" }, "sha512-ML6qRW8/HiBANteqfyFAR1Zu0VrJu+6o4gkPLsssq74hQ7wDMkufBYJXI16PGSERxEYNwKxO5fesCuMssgTv9w=="],

    "@oxfmt/binding-android-arm64": ["@oxfmt/binding-android-arm64@0.33.0", "", { "os": "android", "cpu": "arm64" }, "sha512-WimmcyrGpTOntj7F7CO9RMssncOKYall93nBnzJbI2ZZDhVRuCkvFwTpwz80cZqwYm5udXRXfF40ZXcCxjp9jg=="],

    "@oxfmt/binding-darwin-arm64": ["@oxfmt/binding-darwin-arm64@0.33.0", "", { "os": "darwin", "cpu": "arm64" }, "sha512-PorspsX9O5ISstVaq34OK4esN0LVcuU4DVg+XuSqJsfJ//gn6z6WH2Tt7s0rTQaqEcp76g7+QdWQOmnJDZsEVg=="],

    "@oxfmt/binding-darwin-x64": ["@oxfmt/binding-darwin-x64@0.33.0", "", { "os": "darwin", "cpu": "x64" }, "sha512-8278bqQtOcHRPhhzcqwN9KIideut+cftBjF8d2TOsSQrlsJSFx41wCCJ38mFmH9NOmU1M+x9jpeobHnbRP1okw=="],

    "@oxfmt/binding-freebsd-x64": ["@oxfmt/binding-freebsd-x64@0.33.0", "", { "os": "freebsd", "cpu": "x64" }, "sha512-BiqYVwWFHLf5dkfg0aCKsXa9rpi//vH1+xePCpd7Ulz9yp9pJKP4DWgS5g+OW8MaqOtt7iyAszhxtk/j1nDKHQ=="],

    "@oxfmt/binding-linux-arm-gnueabihf": ["@oxfmt/binding-linux-arm-gnueabihf@0.33.0", "", { "os": "linux", "cpu": "arm" }, "sha512-oAVmmurXx0OKbNOVv71oK92LsF1LwYWpnhDnX0VaAy/NLsCKf4B7Zo7lxkJh80nfhU20TibcdwYfoHVaqlStPQ=="],

    "@oxfmt/binding-linux-arm-musleabihf": ["@oxfmt/binding-linux-arm-musleabihf@0.33.0", "", { "os": "linux", "cpu": "arm" }, "sha512-YB6S8CiRol59oRxnuclJiWoV6l+l8ru/NsuQNYjXZnnPXfSTXKtMLWHCnL/figpCFYA1E7JyjrBbar1qxe2aZg=="],

    "@oxfmt/binding-linux-arm64-gnu": ["@oxfmt/binding-linux-arm64-gnu@0.33.0", "", { "os": "linux", "cpu": "arm64" }, "sha512-hrYy+FpWoB6N24E9oGRimhVkqlls9yeqcRmQakEPUHoAbij6rYxsHHYIp3+FHRiQZFAOUxWKn/CCQoy/Mv3Dgw=="],

    "@oxfmt/binding-linux-arm64-musl": ["@oxfmt/binding-linux-arm64-musl@0.33.0", "", { "os": "linux", "cpu": "arm64" }, "sha512-O1YIzymGRdWj9cG5iVTjkP7zk9/hSaVN8ZEbqMnWZjLC1phXlv54cUvANGGXndgJp2JS4W9XENn7eo5I4jZueg=="],

    "@oxfmt/binding-linux-ppc64-gnu": ["@oxfmt/binding-linux-ppc64-gnu@0.33.0", "", { "os": "linux", "cpu": "ppc64" }, "sha512-2lrkNe+B0w1tCgQTaozfUNQCYMbqKKCGcnTDATmWCZzO77W2sh+3n04r1lk9Q1CK3bI+C3fPwhFPUR2X2BvlyQ=="],

    "@oxfmt/binding-linux-riscv64-gnu": ["@oxfmt/binding-linux-riscv64-gnu@0.33.0", "", { "os": "linux", "cpu": "none" }, "sha512-8DSG1q0M6097vowHAkEyHnKed75/BWr1IBtgCJfytnWQg+Jn1X4DryhfjqonKZOZiv74oFQl5J8TCbdDuXXdtQ=="],

    "@oxfmt/binding-linux-riscv64-musl": ["@oxfmt/binding-linux-riscv64-musl@0.33.0", "", { "os": "linux", "cpu": "none" }, "sha512-eWaxnpPz7+p0QGUnw7GGviVBDOXabr6Cd0w7S/vnWTqQo9z1VroT7XXFnJEZ3dBwxMB9lphyuuYi/GLTCxqxlg=="],

    "@oxfmt/binding-linux-s390x-gnu": ["@oxfmt/binding-linux-s390x-gnu@0.33.0", "", { "os": "linux", "cpu": "s390x" }, "sha512-+mH8cQTqq+Tu2CdoB2/Wmk9CqotXResi+gPvXpb+AAUt/LiwpicTQqSolMheQKogkDTYHPuUiSN23QYmy7IXNQ=="],

    "@oxfmt/binding-linux-x64-gnu": ["@oxfmt/binding-linux-x64-gnu@0.33.0", "", { "os": "linux", "cpu": "x64" }, "sha512-fjyslAYAPE2+B6Ckrs5LuDQ6lB1re5MumPnzefAXsen3JGwiRilra6XdjUmszTNoExJKbewoxxd6bcLSTpkAJQ=="],

    "@oxfmt/binding-linux-x64-musl": ["@oxfmt/binding-linux-x64-musl@0.33.0", "", { "os": "linux", "cpu": "x64" }, "sha512-ve/jGBlTt35Jl/I0A0SfCQX3wKnadzPDdyOFEwe2ZgHHIT9uhqhAv1PaVXTenSBpauICEWYH8mWy+ittzlVE/A=="],

    "@oxfmt/binding-openharmony-arm64": ["@oxfmt/binding-openharmony-arm64@0.33.0", "", { "os": "none", "cpu": "arm64" }, "sha512-lsWRgY9e+uPvwXnuDiJkmJ2Zs3XwwaQkaALJ3/SXU9kjZP0Qh8/tGW8Tk/Z6WL32sDxx+aOK5HuU7qFY9dHJhg=="],

    "@oxfmt/binding-win32-arm64-msvc": ["@oxfmt/binding-win32-arm64-msvc@0.33.0", "", { "os": "win32", "cpu": "arm64" }, "sha512-w8AQHyGDRZutxtQ7IURdBEddwFrtHQiG6+yIFpNJ4HiMyYEqeAWzwBQBfwSAxtSNh6Y9qqbbc1OM2mHN6AB3Uw=="],

    "@oxfmt/binding-win32-ia32-msvc": ["@oxfmt/binding-win32-ia32-msvc@0.33.0", "", { "os": "win32", "cpu": "ia32" }, "sha512-j2X4iumKVwDzQtUx3JBDkaydx6eLuncgUZPl2ybZ8llxJMFbZIniws70FzUQePMfMtzLozIm7vo4bjkvQFsOzw=="],

    "@oxfmt/binding-win32-x64-msvc": ["@oxfmt/binding-win32-x64-msvc@0.33.0", "", { "os": "win32", "cpu": "x64" }, "sha512-lsBQxbepASwOBUh3chcKAjU+jVAQhLElbPYiagIq26cU8vA9Bttj6t20bMvCQCw31m440IRlNhrK7NpnUI8mzA=="],

    "@oxlint/binding-android-arm-eabi": ["@oxlint/binding-android-arm-eabi@1.48.0", "", { "os": "android", "cpu": "arm" }, "sha512-1Pz/stJvveO9ZO7ll4ZoEY3f6j2FiUgBLBcCRCiW6ylId9L9UKs+gn3X28m3eTnoiFCkhKwmJJ+VO6vwsu7Qtg=="],

    "@oxlint/binding-android-arm64": ["@oxlint/binding-android-arm64@1.48.0", "", { "os": "android", "cpu": "arm64" }, "sha512-Zc42RWGE8huo6Ht0lXKjd0NH2lWNmimQHUmD0JFcvShLOuwN+RSEE/kRakc2/0LIgOUuU/R7PaDMCOdQlPgNUQ=="],

    "@oxlint/binding-darwin-arm64": ["@oxlint/binding-darwin-arm64@1.48.0", "", { "os": "darwin", "cpu": "arm64" }, "sha512-jgZs563/4vaG5jH2RSt2TSh8A2jwsFdmhLXrElMdm3Mmto0HPf85FgInLSNi9HcwzQFvkYV8JofcoUg2GH1HTA=="],

    "@oxlint/binding-darwin-x64": ["@oxlint/binding-darwin-x64@1.48.0", "", { "os": "darwin", "cpu": "x64" }, "sha512-kvo87BujEUjCJREuWDC4aPh1WoXCRFFWE4C7uF6wuoMw2f6N2hypA/cHHcYn9DdL8R2RrgUZPefC8JExyeIMKA=="],

    "@oxlint/binding-freebsd-x64": ["@oxlint/binding-freebsd-x64@1.48.0", "", { "os": "freebsd", "cpu": "x64" }, "sha512-eyzzPaHQKn0RIM+ueDfgfJF2RU//Wp4oaKs2JVoVYcM5HjbCL36+O0S3wO5Xe1NWpcZIG3cEHc/SuOCDRqZDSg=="],

    "@oxlint/binding-linux-arm-gnueabihf": ["@oxlint/binding-linux-arm-gnueabihf@1.48.0", "", { "os": "linux", "cpu": "arm" }, "sha512-p3kSloztK7GRO7FyO3u38UCjZxQTl92VaLDsMQAq0eGoiNmeeEF1KPeE4+Fr+LSkQhF8WvJKSuls6TwOlurdPA=="],

    "@oxlint/binding-linux-arm-musleabihf": ["@oxlint/binding-linux-arm-musleabihf@1.48.0", "", { "os": "linux", "cpu": "arm" }, "sha512-uWM+wiTqLW/V0ZmY/eyTWs8ykhIkzU+K2tz/8m35YepYEzohiUGRbnkpAFXj2ioXpQL+GUe5vmM3SLH6ozlfFw=="],

    "@oxlint/binding-linux-arm64-gnu": ["@oxlint/binding-linux-arm64-gnu@1.48.0", "", { "os": "linux", "cpu": "arm64" }, "sha512-OhQNPjs/OICaYqxYJjKKMaIY7p3nJ9IirXcFoHKD+CQE1BZFCeUUAknMzUeLclDCfudH9Vb/UgjFm8+ZM5puAg=="],

    "@oxlint/binding-linux-arm64-musl": ["@oxlint/binding-linux-arm64-musl@1.48.0", "", { "os": "linux", "cpu": "arm64" }, "sha512-adu5txuwGvQ4C4fjYHJD+vnY+OCwCixBzn7J3KF3iWlVHBBImcosSv+Ye+fbMMJui4HGjifNXzonjKm9pXmOiw=="],

    "@oxlint/binding-linux-ppc64-gnu": ["@oxlint/binding-linux-ppc64-gnu@1.48.0", "", { "os": "linux", "cpu": "ppc64" }, "sha512-inlQQRUnHCny/7b7wA6NjEoJSSZPNea4qnDhWyeqBYWx8ukf2kzNDSiamfhOw6bfAYPm/PVlkVRYaNXQbkLeTQ=="],

    "@oxlint/binding-linux-riscv64-gnu": ["@oxlint/binding-linux-riscv64-gnu@1.48.0", "", { "os": "linux", "cpu": "none" }, "sha512-YiJx6sW6bYebQDZRVWLKm/Drswx/hcjIgbLIhULSn0rRcBKc7d9V6mkqPjKDbhcxJgQD5Zi0yVccJiOdF40AWA=="],

    "@oxlint/binding-linux-riscv64-musl": ["@oxlint/binding-linux-riscv64-musl@1.48.0", "", { "os": "linux", "cpu": "none" }, "sha512-zwSqxMgmb2ITamNfDv9Q9EKBc/4ZhCBP9gkg2hhcgR6sEVGPUDl1AKPC89CBKMxkmPUi3685C38EvqtZn5OtHw=="],

    "@oxlint/binding-linux-s390x-gnu": ["@oxlint/binding-linux-s390x-gnu@1.48.0", "", { "os": "linux", "cpu": "s390x" }, "sha512-c/+2oUWAOsQB5JTem0rW8ODlZllF6pAtGSGXoLSvPTonKI1vAwaKhD9Qw1X36jRbcI3Etkpu/9z/RRjMba8vFQ=="],

    "@oxlint/binding-linux-x64-gnu": ["@oxlint/binding-linux-x64-gnu@1.48.0", "", { "os": "linux", "cpu": "x64" }, "sha512-PhauDqeFW5DGed6QxCY5lXZYKSlcBdCXJnH03ZNU6QmDZ0BFM/zSy1oPT2MNb1Afx1G6yOOVk8ErjWsQ7c59ng=="],

    "@oxlint/binding-linux-x64-musl": ["@oxlint/binding-linux-x64-musl@1.48.0", "", { "os": "linux", "cpu": "x64" }, "sha512-6d7LIFFZGiavbHndhf1cK9kG9qmy2Dmr37sV9Ep7j3H+ciFdKSuOzdLh85mEUYMih+b+esMDlF5DU0WQRZPQjw=="],

    "@oxlint/binding-openharmony-arm64": ["@oxlint/binding-openharmony-arm64@1.48.0", "", { "os": "none", "cpu": "arm64" }, "sha512-r+0KK9lK6vFp3tXAgDMOW32o12dxvKS3B9La1uYMGdWAMoSeu2RzG34KmzSpXu6MyLDl4aSVyZLFM8KGdEjwaw=="],

    "@oxlint/binding-win32-arm64-msvc": ["@oxlint/binding-win32-arm64-msvc@1.48.0", "", { "os": "win32", "cpu": "arm64" }, "sha512-Nkw/MocyT3HSp0OJsKPXrcbxZqSPMTYnLLfsqsoiFKoL1ppVNL65MFa7vuTxJehPlBkjy+95gUgacZtuNMECrg=="],

    "@oxlint/binding-win32-ia32-msvc": ["@oxlint/binding-win32-ia32-msvc@1.48.0", "", { "os": "win32", "cpu": "ia32" }, "sha512-reO1SpefvRmeZSP+WeyWkQd1ArxxDD1MyKgMUKuB8lNuUoxk9QEohYtKnsfsxJuFwMT0JTr7p9wZjouA85GzGQ=="],

    "@oxlint/binding-win32-x64-msvc": ["@oxlint/binding-win32-x64-msvc@1.48.0", "", { "os": "win32", "cpu": "x64" }, "sha512-T6zwhfcsrorqAybkOglZdPkTLlEwipbtdO1qjE+flbawvwOMsISoyiuaa7vM7zEyfq1hmDvMq1ndvkYFioranA=="],

    "@standard-schema/spec": ["@standard-schema/spec@1.1.0", "", {}, "sha512-l2aFy5jALhniG5HgqrD6jXLi/rUWrKvqN/qJx6yoJsgKhblVd+iqqU4RCXavm/jPityDo5TCvKMnpjKnOriy0w=="],

    "@types/node": ["@types/node@22.19.11", "", { "dependencies": { "undici-types": "~6.21.0" } }, "sha512-BH7YwL6rA93ReqeQS1c4bsPpcfOmJasG+Fkr6Y59q83f9M1WcBRHR2vM+P9eOisYRcN3ujQoiZY8uk5W+1WL8w=="],

    "@vercel/oidc": ["@vercel/oidc@3.1.0", "", {}, "sha512-Fw28YZpRnA3cAHHDlkt7xQHiJ0fcL+NRcIqsocZQUSmbzeIKRpwttJjik5ZGanXP+vlA4SbTg+AbA3bP363l+w=="],

    "ai": ["ai@6.0.91", "", { "dependencies": { "@ai-sdk/gateway": "3.0.50", "@ai-sdk/provider": "3.0.8", "@ai-sdk/provider-utils": "4.0.15", "@opentelemetry/api": "1.9.0" }, "peerDependencies": { "zod": "^3.25.76 || ^4.1.8" } }, "sha512-k1/8BusZMhYVxxLZt0BUZzm9HVDCCh117nyWfWUx5xjR2+tWisJbXgysL7EBMq2lgyHwgpA1jDR3tVjWSdWZXw=="],

    "ansi-escapes": ["ansi-escapes@4.3.2", "", { "dependencies": { "type-fest": "^0.21.3" } }, "sha512-gKXj5ALrKWQLsYG9jlTRmR/xKluxHV+Z9QEwNIgCfM1/uwPMCuzVVnh5mwTd+OuBZcwSIMbqssNWRm1lE51QaQ=="],

    "ansi-regex": ["ansi-regex@5.0.1", "", {}, "sha512-quJQXlTSUGL2LH9SUXo8VwsY4soanhgo6LNSm84E1LBcE8s3O0wpdiRzyR9z/ZZJMlMWv37qOOb9pdJlMUEKFQ=="],

    "ansi-styles": ["ansi-styles@4.3.0", "", { "dependencies": { "color-convert": "^2.0.1" } }, "sha512-zbB9rCJAT1rbjiVDb2hqKFHNYLxgtk8NURxZ3IZwD3F6NtxbXZQCnnSi1Lkx+IDohdPlFp222wVALIheZJQSEg=="],

    "ansis": ["ansis@3.17.0", "", {}, "sha512-0qWUglt9JEqLFr3w1I1pbrChn1grhaiAR2ocX1PP/flRmxgtwTzPFFFnfIlD6aMOLQZgSuCRlidD70lvx8yhzg=="],

    "async": ["async@3.2.6", "", {}, "sha512-htCUDlxyyCLMgaM3xXg0C0LW2xqfuQ6p05pCEIsXuyQ+a1koYKTuBMzRNwmybfLgvJDMd0r1LTn4+E0Ti6C2AA=="],

    "balanced-match": ["balanced-match@1.0.2", "", {}, "sha512-3oSeUO0TMV67hN1AmbXsK4yaqU7tjiHlbxRDZOpH0KW9+CeX4bRAaX0Anxt0tx2MrpRpWwQaPwIlISEJhYU5Pw=="],

    "brace-expansion": ["brace-expansion@2.0.2", "", { "dependencies": { "balanced-match": "^1.0.0" } }, "sha512-Jt0vHyM+jmUBqojB7E1NIYadt0vI0Qxjxd2TErW94wDz+E2LAm5vKMXXwg6ZZBTHPuUlDgQHKXvjGBdfcF1ZDQ=="],

    "clean-stack": ["clean-stack@3.0.1", "", { "dependencies": { "escape-string-regexp": "4.0.0" } }, "sha512-lR9wNiMRcVQjSB3a7xXGLuz4cr4wJuuXlaAEbRutGowQTmlp7R72/DOgN21e8jdwblMWl9UOJMJXarX94pzKdg=="],

    "cli-spinners": ["cli-spinners@2.9.2", "", {}, "sha512-ywqV+5MmyL4E7ybXgKys4DugZbX0FC6LnwrhjuykIjnK9k8OQacQ7axGKnjDXWNhns0xot3bZI5h55H8yo9cJg=="],

    "color-convert": ["color-convert@2.0.1", "", { "dependencies": { "color-name": "~1.1.4" } }, "sha512-RRECPsj7iu/xb5oKYcsFHSppFNnsj/52OVTRKb4zP5onXwVF3zVmmToNcOfGC+CRDpfK/U584fMg38ZHCaElKQ=="],

    "color-name": ["color-name@1.1.4", "", {}, "sha512-dOy+3AuW3a2wNbZHIuMZpTcgjGuLU/uBL/ubcZF9OXbDo8ff4O8yVp5Bf0efS8uEoYo5q4Fx7dY9OgQGXgAsQA=="],

    "debug": ["debug@4.4.3", "", { "dependencies": { "ms": "^2.1.3" } }, "sha512-RGwwWnwQvkVfavKVt22FGLw+xYSdzARwm0ru6DhTVA3umU5hZc28V3kO4stgYryrTlLpuvgI9GiijltAjNbcqA=="],

    "ejs": ["ejs@3.1.10", "", { "dependencies": { "jake": "^10.8.5" }, "bin": { "ejs": "bin/cli.js" } }, "sha512-UeJmFfOrAQS8OJWPZ4qtgHyWExa088/MtK5UEyoJGFH67cDEXkZSviOiKRCZ4Xij0zxI3JECgYs3oKx+AizQBA=="],

    "emoji-regex": ["emoji-regex@8.0.0", "", {}, "sha512-MSjYzcWNOA0ewAHpz0MxpYFvwg6yjy1NG3xteoqz644VCo/RPgnr1/GGt+ic3iJTzQ8Eu3TdM14SawnVUmGE6A=="],

    "escape-string-regexp": ["escape-string-regexp@4.0.0", "", {}, "sha512-TtpcNJ3XAzx3Gq8sWRzJaVajRs0uVxA2YAkdb1jm2YkPz4G6egUFAyA3n5vtEIZefPk5Wa4UXbKuS5fKkJWdgA=="],

    "eventsource-parser": ["eventsource-parser@3.0.6", "", {}, "sha512-Vo1ab+QXPzZ4tCa8SwIHJFaSzy4R6SHf7BY79rFBDf0idraZWAkYrDjDj8uWaSm3S2TK+hJ7/t1CEmZ7jXw+pg=="],

    "fast-check": ["fast-check@4.5.3", "", { "dependencies": { "pure-rand": "^7.0.0" } }, "sha512-IE9csY7lnhxBnA8g/WI5eg/hygA6MGWJMSNfFRrBlXUciADEhS1EDB0SIsMSvzubzIlOBbVITSsypCsW717poA=="],

    "fdir": ["fdir@6.5.0", "", { "peerDependencies": { "picomatch": "^3 || ^4" }, "optionalPeers": ["picomatch"] }, "sha512-tIbYtZbucOs0BRGqPJkshJUYdL+SDH7dVM8gjy+ERp3WAUjLEFJE+02kanyHtwjWOnwrKYBiwAmM0p4kLJAnXg=="],

    "filelist": ["filelist@1.0.4", "", { "dependencies": { "minimatch": "^5.0.1" } }, "sha512-w1cEuf3S+DrLCQL7ET6kz+gmlJdbq9J7yXCSjK/OZCPA+qEN1WyF4ZAf0YYJa4/shHJra2t/d/r8SV4Ji+x+8Q=="],

    "get-package-type": ["get-package-type@0.1.0", "", {}, "sha512-pjzuKtY64GYfWizNAJ0fr9VqttZkNiK2iS430LtIHzjBEr6bX8Am2zm4sW4Ro5wjWW5cAlRL1qAMTcXbjNAO2Q=="],

    "gifenc": ["gifenc@1.0.3", "", {}, "sha512-xdr6AdrfGBcfzncONUOlXMBuc5wJDtOueE3c5rdG0oNgtINLD+f2iFZltrBRZYzACRbKr+mSVU/x98zv2u3jmw=="],

    "graphql": ["graphql@16.12.0", "", {}, "sha512-DKKrynuQRne0PNpEbzuEdHlYOMksHSUI8Zc9Unei5gTsMNA2/vMpoMz/yKba50pejK56qj98qM0SjYxAKi13gQ=="],

    "has-flag": ["has-flag@4.0.0", "", {}, "sha512-EykJT/Q1KjTWctppgIAgfSO0tKVuZUjhgMr17kqTumMl6Afv3EISleU7qZUzoXDFTAHTDC4NOoG/ZxU3EvlMPQ=="],

    "indent-string": ["indent-string@4.0.0", "", {}, "sha512-EdDDZu4A2OyIK7Lr/2zG+w5jmbuk1DVBnEwREQvBzspBJkCEbRa8GxU1lghYcaGJCnRWibjDXlq779X1/y5xwg=="],

    "is-docker": ["is-docker@2.2.1", "", { "bin": { "is-docker": "cli.js" } }, "sha512-F+i2BKsFrH66iaUFc0woD8sLy8getkwTwtOBjvs56Cx4CgJDeKQeqfz8wAYiSb8JOprWhHH5p77PbmYCvvUuXQ=="],

    "is-fullwidth-code-point": ["is-fullwidth-code-point@3.0.0", "", {}, "sha512-zymm5+u+sCsSWyD9qNaejV3DFvhCKclKdizYaJUuHA83RLjb7nSuGnddCHGv0hk+KY7BMAlsWeK4Ueg6EV6XQg=="],

    "is-wsl": ["is-wsl@2.2.0", "", { "dependencies": { "is-docker": "^2.0.0" } }, "sha512-fKzAra0rGJUUBwGBgNkHZuToZcn+TtXHpeCgmkMJMMYx1sQDYaCSyjJBSCa2nH1DGm7s3n1oBnohoVTBaN7Lww=="],

    "jake": ["jake@10.9.4", "", { "dependencies": { "async": "^3.2.6", "filelist": "^1.0.4", "picocolors": "^1.1.1" }, "bin": { "jake": "bin/cli.js" } }, "sha512-wpHYzhxiVQL+IV05BLE2Xn34zW1S223hvjtqk0+gsPrwd/8JNLXJgZZM/iPFsYc1xyphF+6M6EvdE5E9MBGkDA=="],

    "json-schema": ["json-schema@0.4.0", "", {}, "sha512-es94M3nTIfsEPisRafak+HDLfHXnKBhV3vU5eqPcS3flIWqcxJWgXHXiey3YrpaNsanY5ei1VoYEbOzijuq9BA=="],

    "lilconfig": ["lilconfig@3.1.3", "", {}, "sha512-/vlFKAoH5Cgt3Ie+JLhRbwOsCQePABiU3tJ1egGvyQ+33R/vcwM2Zl2QR/LzjsBeItPt3oSVXapn+m4nQDvpzw=="],

    "minimatch": ["minimatch@9.0.5", "", { "dependencies": { "brace-expansion": "^2.0.1" } }, "sha512-G6T0ZX48xgozx7587koeX9Ys2NYy6Gmv//P89sEte9V9whIapMNF4idKxnW2QtCcLiTWlb/wfCabAtAFWhhBow=="],

    "ms": ["ms@2.1.3", "", {}, "sha512-6FlzubTLZG3J2a/NVCAleEhjzq5oxgHyaCU9yYXvcLsvoVaHJq/s5xXI6/XXP6tz7R9xAOtHnSO/tXtF3WRTlA=="],

    "oxfmt": ["oxfmt@0.33.0", "", { "dependencies": { "tinypool": "2.1.0" }, "optionalDependencies": { "@oxfmt/binding-android-arm-eabi": "0.33.0", "@oxfmt/binding-android-arm64": "0.33.0", "@oxfmt/binding-darwin-arm64": "0.33.0", "@oxfmt/binding-darwin-x64": "0.33.0", "@oxfmt/binding-freebsd-x64": "0.33.0", "@oxfmt/binding-linux-arm-gnueabihf": "0.33.0", "@oxfmt/binding-linux-arm-musleabihf": "0.33.0", "@oxfmt/binding-linux-arm64-gnu": "0.33.0", "@oxfmt/binding-linux-arm64-musl": "0.33.0", "@oxfmt/binding-linux-ppc64-gnu": "0.33.0", "@oxfmt/binding-linux-riscv64-gnu": "0.33.0", "@oxfmt/binding-linux-riscv64-musl": "0.33.0", "@oxfmt/binding-linux-s390x-gnu": "0.33.0", "@oxfmt/binding-linux-x64-gnu": "0.33.0", "@oxfmt/binding-linux-x64-musl": "0.33.0", "@oxfmt/binding-openharmony-arm64": "0.33.0", "@oxfmt/binding-win32-arm64-msvc": "0.33.0", "@oxfmt/binding-win32-ia32-msvc": "0.33.0", "@oxfmt/binding-win32-x64-msvc": "0.33.0" }, "bin": { "oxfmt": "bin/oxfmt" } }, "sha512-ogxBXA9R4BFeo8F1HeMIIxHr5kGnQwKTYZ5k131AEGOq1zLxInNhvYSpyRQ+xIXVMYfCN7yZHKff/lb5lp4auQ=="],

    "oxlint": ["oxlint@1.48.0", "", { "optionalDependencies": { "@oxlint/binding-android-arm-eabi": "1.48.0", "@oxlint/binding-android-arm64": "1.48.0", "@oxlint/binding-darwin-arm64": "1.48.0", "@oxlint/binding-darwin-x64": "1.48.0", "@oxlint/binding-freebsd-x64": "1.48.0", "@oxlint/binding-linux-arm-gnueabihf": "1.48.0", "@oxlint/binding-linux-arm-musleabihf": "1.48.0", "@oxlint/binding-linux-arm64-gnu": "1.48.0", "@oxlint/binding-linux-arm64-musl": "1.48.0", "@oxlint/binding-linux-ppc64-gnu": "1.48.0", "@oxlint/binding-linux-riscv64-gnu": "1.48.0", "@oxlint/binding-linux-riscv64-musl": "1.48.0", "@oxlint/binding-linux-s390x-gnu": "1.48.0", "@oxlint/binding-linux-x64-gnu": "1.48.0", "@oxlint/binding-linux-x64-musl": "1.48.0", "@oxlint/binding-openharmony-arm64": "1.48.0", "@oxlint/binding-win32-arm64-msvc": "1.48.0", "@oxlint/binding-win32-ia32-msvc": "1.48.0", "@oxlint/binding-win32-x64-msvc": "1.48.0" }, "peerDependencies": { "oxlint-tsgolint": ">=0.12.2" }, "optionalPeers": ["oxlint-tsgolint"], "bin": { "oxlint": "bin/oxlint" } }, "sha512-m5vyVBgPtPhVCJc3xI//8je9lRc8bYuYB4R/1PH3VPGOjA4vjVhkHtyJukdEjYEjwrw4Qf1eIf+pP9xvfhfMow=="],

    "picocolors": ["picocolors@1.1.1", "", {}, "sha512-xceH2snhtb5M9liqDsmEw56le376mTZkEX/jEb/RxNFyegNul7eNslCXP9FDj/Lcu0X8KEyMceP2ntpaHrDEVA=="],

    "picomatch": ["picomatch@4.0.3", "", {}, "sha512-5gTmgEY/sqK6gFXLIsQNH19lWb4ebPDLA4SdLP7dsWkIXHWlG66oPuVvXSGFPppYZz8ZDZq0dYYrbHfBCVUb1Q=="],

    "pure-rand": ["pure-rand@7.0.1", "", {}, "sha512-oTUZM/NAZS8p7ANR3SHh30kXB+zK2r2BPcEn/awJIbOvq82WoMN4p62AWWp3Hhw50G0xMsw1mhIBLqHw64EcNQ=="],

    "semver": ["semver@7.7.4", "", { "bin": { "semver": "bin/semver.js" } }, "sha512-vFKC2IEtQnVhpT78h1Yp8wzwrf8CM+MzKMHGJZfBtzhZNycRFnXsHk6E5TxIkkMsgNS7mdX3AGB7x2QM2di4lA=="],

    "string-width": ["string-width@4.2.3", "", { "dependencies": { "emoji-regex": "^8.0.0", "is-fullwidth-code-point": "^3.0.0", "strip-ansi": "^6.0.1" } }, "sha512-wKyQRQpjJ0sIp62ErSZdGsjMJWsap5oRNihHhu6G7JVO/9jIB6UyevL+tXuOqrng8j/cxKTWyWUwvSTriiZz/g=="],

    "strip-ansi": ["strip-ansi@6.0.1", "", { "dependencies": { "ansi-regex": "^5.0.1" } }, "sha512-Y38VPSHcqkFrCpFnQ9vuSXmquuv5oXOKpGeT6aGrr3o3Gc9AlVa6JBfUSOCnbxGGZF+/0ooI7KrPuUSztUdU5A=="],

    "supports-color": ["supports-color@8.1.1", "", { "dependencies": { "has-flag": "^4.0.0" } }, "sha512-MpUEN2OodtUzxvKQl72cUF7RQ5EiHsGvSsVG0ia9c5RbWGL2CI4C7EpPS8UTBIplnlzZiNuV56w+FuNxy3ty2Q=="],

    "tinyglobby": ["tinyglobby@0.2.15", "", { "dependencies": { "fdir": "^6.5.0", "picomatch": "^4.0.3" } }, "sha512-j2Zq4NyQYG5XMST4cbs02Ak8iJUdxRM0XI5QyxXuZOzKOINmWurp3smXu3y5wDcJrptwpSjgXHzIQxR0omXljQ=="],

    "tinypool": ["tinypool@2.1.0", "", {}, "sha512-Pugqs6M0m7Lv1I7FtxN4aoyToKg1C4tu+/381vH35y8oENM/Ai7f7C4StcoK4/+BSw9ebcS8jRiVrORFKCALLw=="],

    "type-fest": ["type-fest@0.21.3", "", {}, "sha512-t0rzBq87m3fVcduHDUFhKmyyX+9eo6WQjZvf51Ea/M0Q7+T374Jp1aUiyUl0GKxp8M/OETVHSDvmkyPgvX+X2w=="],

    "typescript": ["typescript@5.9.3", "", { "bin": { "tsc": "bin/tsc", "tsserver": "bin/tsserver" } }, "sha512-jl1vZzPDinLr9eUt3J/t7V6FgNEw9QjvBPdysz9KfQDD41fQrC2Y4vKQdiaUpFT4bXlb1RHhLpp8wtm6M5TgSw=="],

    "undici-types": ["undici-types@6.21.0", "", {}, "sha512-iwDZqg0QAGrg9Rav5H4n0M64c3mkR59cJ6wQp+7C4nI0gsmExaedaYLNO44eT4AtBBwjbTiGPMlt2Md0T9H9JQ=="],

    "widest-line": ["widest-line@3.1.0", "", { "dependencies": { "string-width": "^4.0.0" } }, "sha512-NsmoXalsWVDMGupxZ5R08ka9flZjjiLvHVAWYOKtiKM8ujtZWr9cRffak+uSE48+Ob8ObalXpwyeUiyDD6QFgg=="],

    "wordwrap": ["wordwrap@1.0.0", "", {}, "sha512-gvVzJFlPycKc5dZN4yPkP8w7Dc37BtP1yczEneOb4uq34pXZcvrtRTmWV8W+Ume+XCxKgbjM+nevkyFPMybd4Q=="],

    "wrap-ansi": ["wrap-ansi@7.0.0", "", { "dependencies": { "ansi-styles": "^4.0.0", "string-width": "^4.1.0", "strip-ansi": "^6.0.0" } }, "sha512-YVGIj2kamLSTxw6NsZjoBxfSwsn0ycdesmc4p+Q21c5zPuZ1pl+NfxVdxPtdHvmNVOQ6XSYG4AUtyt/Fi7D16Q=="],

    "zod": ["zod@4.3.6", "", {}, "sha512-rftlrkhHZOcjDwkGlnUtZZkvaPHCsDATp4pGpuOOMDaTdDDXF91wuVDJoWoPsKX/3YPQ5fHuF3STjcYyKr+Qhg=="],

    "zustand": ["zustand@5.0.11", "", { "peerDependencies": { "@types/react": ">=18.0.0", "immer": ">=9.0.6", "react": ">=18.0.0", "use-sync-external-store": ">=1.2.0" }, "optionalPeers": ["@types/react", "immer", "react", "use-sync-external-store"] }, "sha512-fdZY+dk7zn/vbWNCYmzZULHRrss0jx5pPFiOuMZ/5HJN6Yv3u+1Wswy/4MpZEkEGhtNH+pwxZB8OKgUBPzYAGg=="],

    "filelist/minimatch": ["minimatch@5.1.6", "", { "dependencies": { "brace-expansion": "^2.0.1" } }, "sha512-lKwV/1brpG6mBUFHtb7NUmtABCb2WZZmm2wNiOA5hAb8VdCS4B3dtMWyvcoViccwAW/COERjXLt0zP1zXUN26g=="],
  }
}
